
Microsoft Visual Studio Solution File, Format Version 12.00
# Visual Studio Version 17
VisualStudioVersion = 17.11.35303.130
MinimumVisualStudioVersion = 10.0.40219.1
Project("{9A19103F-16F7-4668-BE54-9A1E7A4F7556}") = "InstallationUtility", "InstallationUtility.csproj", "{211E243F-D06D-4A49-88F6-86379EF24337}"
EndProject
Global
	GlobalSection(SolutionConfigurationPlatforms) = preSolution
		Debug|Any CPU = Debug|Any CPU
		Release|Any CPU = Release|Any CPU
	EndGlobalSection
	GlobalSection(ProjectConfigurationPlatforms) = postSolution
		{211E243F-D06D-4A49-88F6-86379EF24337}.Debug|Any CPU.ActiveCfg = Debug|Any CPU
		{211E243F-D06D-4A49-88F6-86379EF24337}.Debug|Any CPU.Build.0 = Debug|Any CPU
		{211E243F-D06D-4A49-88F6-86379EF24337}.Release|Any CPU.ActiveCfg = Release|Any CPU
		{211E243F-D06D-4A49-88F6-86379EF24337}.Release|Any CPU.Build.0 = Release|Any CPU
	EndGlobalSection
	GlobalSection(SolutionProperties) = preSolution
		HideSolutionNode = FALSE
	EndGlobalSection
	GlobalSection(ExtensibilityGlobals) = postSolution
		SolutionGuid = {B0CBFCAE-DBDE-46BD-8753-1E4CD0579CA0}
	EndGlobalSection
EndGlobal
